
Microsoft Visual Studio Solution File, Format Version 12.00
# Visual Studio Version 17
VisualStudioVersion = 17.13.36105.23
MinimumVisualStudioVersion = 10.0.40219.1
Project("{8BC9CEB8-8B4A-11D0-8D11-00A0C91BC942}") = "RDSTester", "RDSTester.vcxproj", "{0645CE7D-3E8D-441C-B49B-E33042224026}"
EndProject
Project("{8BC9CEB8-8B4A-11D0-8D11-00A0C91BC942}") = "ttf_to_f16", "ttf_to_f16\ttf_to_f16.vcxproj", "{4EF22E30-E0F8-4E5D-A302-2C84D09F6C43}"
EndProject
Global
	GlobalSection(SolutionConfigurationPlatforms) = preSolution
		Debug|Win32 = Debug|Win32
		Debug|x64 = Debug|x64
		Release|Win32 = Release|Win32
		Release|x64 = Release|x64
	EndGlobalSection
	GlobalSection(ProjectConfigurationPlatforms) = postSolution
		{0645CE7D-3E8D-441C-B49B-E33042224026}.Debug|Win32.ActiveCfg = Debug|Win32
		{0645CE7D-3E8D-441C-B49B-E33042224026}.Debug|Win32.Build.0 = Debug|Win32
		{0645CE7D-3E8D-441C-B49B-E33042224026}.Debug|x64.ActiveCfg = Debug|x64
		{0645CE7D-3E8D-441C-B49B-E33042224026}.Debug|x64.Build.0 = Debug|x64
		{0645CE7D-3E8D-441C-B49B-E33042224026}.Release|Win32.ActiveCfg = Release|Win32
		{0645CE7D-3E8D-441C-B49B-E33042224026}.Release|Win32.Build.0 = Release|Win32
		{0645CE7D-3E8D-441C-B49B-E33042224026}.Release|x64.ActiveCfg = Release|x64
		{0645CE7D-3E8D-441C-B49B-E33042224026}.Release|x64.Build.0 = Release|x64
		{4EF22E30-E0F8-4E5D-A302-2C84D09F6C43}.Debug|Win32.ActiveCfg = Debug|Win32
		{4EF22E30-E0F8-4E5D-A302-2C84D09F6C43}.Debug|Win32.Build.0 = Debug|Win32
		{4EF22E30-E0F8-4E5D-A302-2C84D09F6C43}.Debug|x64.ActiveCfg = Debug|x64
		{4EF22E30-E0F8-4E5D-A302-2C84D09F6C43}.Debug|x64.Build.0 = Debug|x64
		{4EF22E30-E0F8-4E5D-A302-2C84D09F6C43}.Release|Win32.ActiveCfg = Release|Win32
		{4EF22E30-E0F8-4E5D-A302-2C84D09F6C43}.Release|Win32.Build.0 = Release|Win32
		{4EF22E30-E0F8-4E5D-A302-2C84D09F6C43}.Release|x64.ActiveCfg = Release|x64
		{4EF22E30-E0F8-4E5D-A302-2C84D09F6C43}.Release|x64.Build.0 = Release|x64
	EndGlobalSection
	GlobalSection(SolutionProperties) = preSolution
		HideSolutionNode = FALSE
	EndGlobalSection
	GlobalSection(ExtensibilityGlobals) = postSolution
		SolutionGuid = {7E55258A-B3A9-4411-B6E1-715B7A4C433A}
	EndGlobalSection
EndGlobal
